// !$*UTF8*$!
{
	archiveVersion = 1;
	classes = {
	};
	objectVersion = 56;
	objects = {

/* Begin PBXBuildFile section */
		755E65EE2982DEF70057B7A6 /* AppDelegate.swift in Sources */ = {isa = PBXBuildFile; fileRef = 755E65ED2982DEF70057B7A6 /* AppDelegate.swift */; };
		755E65F02982DEF70057B7A6 /* SceneDelegate.swift in Sources */ = {isa = PBXBuildFile; fileRef = 755E65EF2982DEF70057B7A6 /* SceneDelegate.swift */; };
		755E65F22982DEF70057B7A6 /* RMTabBarController.swift in Sources */ = {isa = PBXBuildFile; fileRef = 755E65F12982DEF70057B7A6 /* RMTabBarController.swift */; };
		755E65F72982DEFD0057B7A6 /* Assets.xcassets in Resources */ = {isa = PBXBuildFile; fileRef = 755E65F62982DEFD0057B7A6 /* Assets.xcassets */; };
		755E65FA2982DEFD0057B7A6 /* LaunchScreen.storyboard in Resources */ = {isa = PBXBuildFile; fileRef = 755E65F82982DEFD0057B7A6 /* LaunchScreen.storyboard */; };
		755E66092982E9DA0057B7A6 /* RMLocation.swift in Sources */ = {isa = PBXBuildFile; fileRef = 755E66082982E9DA0057B7A6 /* RMLocation.swift */; };
		755E660B2982EA030057B7A6 /* RMEpisode.swift in Sources */ = {isa = PBXBuildFile; fileRef = 755E660A2982EA030057B7A6 /* RMEpisode.swift */; };
		755E660E2982EA2D0057B7A6 /* RMCharacter.swift in Sources */ = {isa = PBXBuildFile; fileRef = 755E660D2982EA2D0057B7A6 /* RMCharacter.swift */; };
		755E66122982EB590057B7A6 /* RMCharacterViewController.swift in Sources */ = {isa = PBXBuildFile; fileRef = 755E66112982EB590057B7A6 /* RMCharacterViewController.swift */; };
		755E66142982EB7C0057B7A6 /* RMEpisodeViewController.swift in Sources */ = {isa = PBXBuildFile; fileRef = 755E66132982EB7C0057B7A6 /* RMEpisodeViewController.swift */; };
		755E66162982EB8F0057B7A6 /* RMSettingsViewController.swift in Sources */ = {isa = PBXBuildFile; fileRef = 755E66152982EB8F0057B7A6 /* RMSettingsViewController.swift */; };
		755E66182982EBA20057B7A6 /* RMLocationViewController.swift in Sources */ = {isa = PBXBuildFile; fileRef = 755E66172982EBA20057B7A6 /* RMLocationViewController.swift */; };
		755E661A29830F8B0057B7A6 /* TabBarViewContent.swift in Sources */ = {isa = PBXBuildFile; fileRef = 755E661929830F8B0057B7A6 /* TabBarViewContent.swift */; };
		755E661C298329650057B7A6 /* RMService.swift in Sources */ = {isa = PBXBuildFile; fileRef = 755E661B298329650057B7A6 /* RMService.swift */; };
		755E661E2983297A0057B7A6 /* RMRequest.swift in Sources */ = {isa = PBXBuildFile; fileRef = 755E661D2983297A0057B7A6 /* RMRequest.swift */; };
		756FD7932984BC0B00EAF4D7 /* RMEndpoint.swift in Sources */ = {isa = PBXBuildFile; fileRef = 756FD7922984BC0B00EAF4D7 /* RMEndpoint.swift */; };
/* End PBXBuildFile section */

/* Begin PBXFileReference section */
		755E65EA2982DEF70057B7A6 /* RickAndMorty.app */ = {isa = PBXFileReference; explicitFileType = wrapper.application; includeInIndex = 0; path = RickAndMorty.app; sourceTree = BUILT_PRODUCTS_DIR; };
		755E65ED2982DEF70057B7A6 /* AppDelegate.swift */ = {isa = PBXFileReference; lastKnownFileType = sourcecode.swift; path = AppDelegate.swift; sourceTree = "<group>"; };
		755E65EF2982DEF70057B7A6 /* SceneDelegate.swift */ = {isa = PBXFileReference; lastKnownFileType = sourcecode.swift; path = SceneDelegate.swift; sourceTree = "<group>"; };
		755E65F12982DEF70057B7A6 /* RMTabBarController.swift */ = {isa = PBXFileReference; lastKnownFileType = sourcecode.swift; path = RMTabBarController.swift; sourceTree = "<group>"; };
		755E65F62982DEFD0057B7A6 /* Assets.xcassets */ = {isa = PBXFileReference; lastKnownFileType = folder.assetcatalog; path = Assets.xcassets; sourceTree = "<group>"; };
		755E65F92982DEFD0057B7A6 /* Base */ = {isa = PBXFileReference; lastKnownFileType = file.storyboard; name = Base; path = Base.lproj/LaunchScreen.storyboard; sourceTree = "<group>"; };
		755E65FB2982DEFD0057B7A6 /* Info.plist */ = {isa = PBXFileReference; lastKnownFileType = text.plist.xml; path = Info.plist; sourceTree = "<group>"; };
		755E66082982E9DA0057B7A6 /* RMLocation.swift */ = {isa = PBXFileReference; lastKnownFileType = sourcecode.swift; path = RMLocation.swift; sourceTree = "<group>"; };
		755E660A2982EA030057B7A6 /* RMEpisode.swift */ = {isa = PBXFileReference; lastKnownFileType = sourcecode.swift; path = RMEpisode.swift; sourceTree = "<group>"; };
		755E660D2982EA2D0057B7A6 /* RMCharacter.swift */ = {isa = PBXFileReference; lastKnownFileType = sourcecode.swift; path = RMCharacter.swift; sourceTree = "<group>"; };
		755E66112982EB590057B7A6 /* RMCharacterViewController.swift */ = {isa = PBXFileReference; lastKnownFileType = sourcecode.swift; path = RMCharacterViewController.swift; sourceTree = "<group>"; };
		755E66132982EB7C0057B7A6 /* RMEpisodeViewController.swift */ = {isa = PBXFileReference; lastKnownFileType = sourcecode.swift; path = RMEpisodeViewController.swift; sourceTree = "<group>"; };
		755E66152982EB8F0057B7A6 /* RMSettingsViewController.swift */ = {isa = PBXFileReference; lastKnownFileType = sourcecode.swift; path = RMSettingsViewController.swift; sourceTree = "<group>"; };
		755E66172982EBA20057B7A6 /* RMLocationViewController.swift */ = {isa = PBXFileReference; lastKnownFileType = sourcecode.swift; path = RMLocationViewController.swift; sourceTree = "<group>"; };
		755E661929830F8B0057B7A6 /* TabBarViewContent.swift */ = {isa = PBXFileReference; lastKnownFileType = sourcecode.swift; path = TabBarViewContent.swift; sourceTree = "<group>"; };
		755E661B298329650057B7A6 /* RMService.swift */ = {isa = PBXFileReference; lastKnownFileType = sourcecode.swift; path = RMService.swift; sourceTree = "<group>"; };
		755E661D2983297A0057B7A6 /* RMRequest.swift */ = {isa = PBXFileReference; lastKnownFileType = sourcecode.swift; path = RMRequest.swift; sourceTree = "<group>"; };
		756FD7922984BC0B00EAF4D7 /* RMEndpoint.swift */ = {isa = PBXFileReference; lastKnownFileType = sourcecode.swift; path = RMEndpoint.swift; sourceTree = "<group>"; };
/* End PBXFileReference section */

/* Begin PBXFrameworksBuildPhase section */
		755E65E72982DEF70057B7A6 /* Frameworks */ = {
			isa = PBXFrameworksBuildPhase;
			buildActionMask = 2147483647;
			files = (
			);
			runOnlyForDeploymentPostprocessing = 0;
		};
/* End PBXFrameworksBuildPhase section */

/* Begin PBXGroup section */
		755E65E12982DEF70057B7A6 = {
			isa = PBXGroup;
			children = (
				755E65EC2982DEF70057B7A6 /* RickAndMorty */,
				755E65EB2982DEF70057B7A6 /* Products */,
			);
			sourceTree = "<group>";
		};
		755E65EB2982DEF70057B7A6 /* Products */ = {
			isa = PBXGroup;
			children = (
				755E65EA2982DEF70057B7A6 /* RickAndMorty.app */,
			);
			name = Products;
			sourceTree = "<group>";
		};
		755E65EC2982DEF70057B7A6 /* RickAndMorty */ = {
			isa = PBXGroup;
			children = (
				755E66072982E7E50057B7A6 /* Resources */,
				755E66062982E7DB0057B7A6 /* Managers */,
				755E66052982E7D30057B7A6 /* APIClient */,
				755E66042982E7C70057B7A6 /* ViewModels */,
				755E66032982E7B80057B7A6 /* Views */,
				755E66022982E7AE0057B7A6 /* Models */,
				755E66012982E7A30057B7A6 /* Controllers */,
				755E65FB2982DEFD0057B7A6 /* Info.plist */,
			);
			path = RickAndMorty;
			sourceTree = "<group>";
		};
		755E66012982E7A30057B7A6 /* Controllers */ = {
			isa = PBXGroup;
			children = (
				755E66102982EAE80057B7A6 /* Core */,
			);
			path = Controllers;
			sourceTree = "<group>";
		};
		755E66022982E7AE0057B7A6 /* Models */ = {
			isa = PBXGroup;
			children = (
				755E66082982E9DA0057B7A6 /* RMLocation.swift */,
				755E660A2982EA030057B7A6 /* RMEpisode.swift */,
				755E660D2982EA2D0057B7A6 /* RMCharacter.swift */,
			);
			path = Models;
			sourceTree = "<group>";
		};
		755E66032982E7B80057B7A6 /* Views */ = {
			isa = PBXGroup;
			children = (
			);
			path = Views;
			sourceTree = "<group>";
		};
		755E66042982E7C70057B7A6 /* ViewModels */ = {
			isa = PBXGroup;
			children = (
				755E661929830F8B0057B7A6 /* TabBarViewContent.swift */,
			);
			path = ViewModels;
			sourceTree = "<group>";
		};
		755E66052982E7D30057B7A6 /* APIClient */ = {
			isa = PBXGroup;
			children = (
				755E661B298329650057B7A6 /* RMService.swift */,
				755E661D2983297A0057B7A6 /* RMRequest.swift */,
				756FD7922984BC0B00EAF4D7 /* RMEndpoint.swift */,
			);
			path = APIClient;
			sourceTree = "<group>";
		};
		755E66062982E7DB0057B7A6 /* Managers */ = {
			isa = PBXGroup;
			children = (
			);
			path = Managers;
			sourceTree = "<group>";
		};
		755E66072982E7E50057B7A6 /* Resources */ = {
			isa = PBXGroup;
			children = (
				755E65F62982DEFD0057B7A6 /* Assets.xcassets */,
				755E65F82982DEFD0057B7A6 /* LaunchScreen.storyboard */,
				755E65ED2982DEF70057B7A6 /* AppDelegate.swift */,
				755E65EF2982DEF70057B7A6 /* SceneDelegate.swift */,
			);
			path = Resources;
			sourceTree = "<group>";
		};
		755E66102982EAE80057B7A6 /* Core */ = {
			isa = PBXGroup;
			children = (
				755E65F12982DEF70057B7A6 /* RMTabBarController.swift */,
				755E66112982EB590057B7A6 /* RMCharacterViewController.swift */,
				755E66132982EB7C0057B7A6 /* RMEpisodeViewController.swift */,
				755E66152982EB8F0057B7A6 /* RMSettingsViewController.swift */,
				755E66172982EBA20057B7A6 /* RMLocationViewController.swift */,
			);
			path = Core;
			sourceTree = "<group>";
		};
/* End PBXGroup section */

/* Begin PBXNativeTarget section */
		755E65E92982DEF70057B7A6 /* RickAndMorty */ = {
			isa = PBXNativeTarget;
			buildConfigurationList = 755E65FE2982DEFD0057B7A6 /* Build configuration list for PBXNativeTarget "RickAndMorty" */;
			buildPhases = (
				755E65E62982DEF70057B7A6 /* Sources */,
				755E65E72982DEF70057B7A6 /* Frameworks */,
				755E65E82982DEF70057B7A6 /* Resources */,
			);
			buildRules = (
			);
			dependencies = (
			);
			name = RickAndMorty;
			productName = RickAndMorty;
			productReference = 755E65EA2982DEF70057B7A6 /* RickAndMorty.app */;
			productType = "com.apple.product-type.application";
		};
/* End PBXNativeTarget section */

/* Begin PBXProject section */
		755E65E22982DEF70057B7A6 /* Project object */ = {
			isa = PBXProject;
			attributes = {
				BuildIndependentTargetsInParallel = 1;
				LastSwiftUpdateCheck = 1400;
				LastUpgradeCheck = 1400;
				TargetAttributes = {
					755E65E92982DEF70057B7A6 = {
						CreatedOnToolsVersion = 14.0.1;
					};
				};
			};
			buildConfigurationList = 755E65E52982DEF70057B7A6 /* Build configuration list for PBXProject "RickAndMorty" */;
			compatibilityVersion = "Xcode 14.0";
			developmentRegion = en;
			hasScannedForEncodings = 0;
			knownRegions = (
				en,
				Base,
			);
			mainGroup = 755E65E12982DEF70057B7A6;
			productRefGroup = 755E65EB2982DEF70057B7A6 /* Products */;
			projectDirPath = "";
			projectRoot = "";
			targets = (
				755E65E92982DEF70057B7A6 /* RickAndMorty */,
			);
		};
/* End PBXProject section */

/* Begin PBXResourcesBuildPhase section */
		755E65E82982DEF70057B7A6 /* Resources */ = {
			isa = PBXResourcesBuildPhase;
			buildActionMask = 2147483647;
			files = (
				755E65FA2982DEFD0057B7A6 /* LaunchScreen.storyboard in Resources */,
				755E65F72982DEFD0057B7A6 /* Assets.xcassets in Resources */,
			);
			runOnlyForDeploymentPostprocessing = 0;
		};
/* End PBXResourcesBuildPhase section */

/* Begin PBXSourcesBuildPhase section */
		755E65E62982DEF70057B7A6 /* Sources */ = {
			isa = PBXSourcesBuildPhase;
			buildActionMask = 2147483647;
			files = (
				755E661A29830F8B0057B7A6 /* TabBarViewContent.swift in Sources */,
				755E66162982EB8F0057B7A6 /* RMSettingsViewController.swift in Sources */,
				755E661C298329650057B7A6 /* RMService.swift in Sources */,
				755E660E2982EA2D0057B7A6 /* RMCharacter.swift in Sources */,
				755E65F22982DEF70057B7A6 /* RMTabBarController.swift in Sources */,
				756FD7932984BC0B00EAF4D7 /* RMEndpoint.swift in Sources */,
				755E65EE2982DEF70057B7A6 /* AppDelegate.swift in Sources */,
				755E661E2983297A0057B7A6 /* RMRequest.swift in Sources */,
				755E660B2982EA030057B7A6 /* RMEpisode.swift in Sources */,
				755E65F02982DEF70057B7A6 /* SceneDelegate.swift in Sources */,
				755E66182982EBA20057B7A6 /* RMLocationViewController.swift in Sources */,
				755E66092982E9DA0057B7A6 /* RMLocation.swift in Sources */,
				755E66122982EB590057B7A6 /* RMCharacterViewController.swift in Sources */,
				755E66142982EB7C0057B7A6 /* RMEpisodeViewController.swift in Sources */,
			);
			runOnlyForDeploymentPostprocessing = 0;
		};
/* End PBXSourcesBuildPhase section */

/* Begin PBXVariantGroup section */
		755E65F82982DEFD0057B7A6 /* LaunchScreen.storyboard */ = {
			isa = PBXVariantGroup;
			children = (
				755E65F92982DEFD0057B7A6 /* Base */,
			);
			name = LaunchScreen.storyboard;
			sourceTree = "<group>";
		};
/* End PBXVariantGroup section */

/* Begin XCBuildConfiguration section */
		755E65FC2982DEFD0057B7A6 /* Debug */ = {
			isa = XCBuildConfiguration;
			buildSettings = {
				ALWAYS_SEARCH_USER_PATHS = NO;
				CLANG_ANALYZER_NONNULL = YES;
				CLANG_ANALYZER_NUMBER_OBJECT_CONVERSION = YES_AGGRESSIVE;
				CLANG_CXX_LANGUAGE_STANDARD = "gnu++20";
				CLANG_ENABLE_MODULES = YES;
				CLANG_ENABLE_OBJC_ARC = YES;
				CLANG_ENABLE_OBJC_WEAK = YES;
				CLANG_WARN_BLOCK_CAPTURE_AUTORELEASING = YES;
				CLANG_WARN_BOOL_CONVERSION = YES;
				CLANG_WARN_COMMA = YES;
				CLANG_WARN_CONSTANT_CONVERSION = YES;
				CLANG_WARN_DEPRECATED_OBJC_IMPLEMENTATIONS = YES;
				CLANG_WARN_DIRECT_OBJC_ISA_USAGE = YES_ERROR;
				CLANG_WARN_DOCUMENTATION_COMMENTS = YES;
				CLANG_WARN_EMPTY_BODY = YES;
				CLANG_WARN_ENUM_CONVERSION = YES;
				CLANG_WARN_INFINITE_RECURSION = YES;
				CLANG_WARN_INT_CONVERSION = YES;
				CLANG_WARN_NON_LITERAL_NULL_CONVERSION = YES;
				CLANG_WARN_OBJC_IMPLICIT_RETAIN_SELF = YES;
				CLANG_WARN_OBJC_LITERAL_CONVERSION = YES;
				CLANG_WARN_OBJC_ROOT_CLASS = YES_ERROR;
				CLANG_WARN_QUOTED_INCLUDE_IN_FRAMEWORK_HEADER = YES;
				CLANG_WARN_RANGE_LOOP_ANALYSIS = YES;
				CLANG_WARN_STRICT_PROTOTYPES = YES;
				CLANG_WARN_SUSPICIOUS_MOVE = YES;
				CLANG_WARN_UNGUARDED_AVAILABILITY = YES_AGGRESSIVE;
				CLANG_WARN_UNREACHABLE_CODE = YES;
				CLANG_WARN__DUPLICATE_METHOD_MATCH = YES;
				COPY_PHASE_STRIP = NO;
				DEBUG_INFORMATION_FORMAT = dwarf;
				ENABLE_STRICT_OBJC_MSGSEND = YES;
				ENABLE_TESTABILITY = YES;
				GCC_C_LANGUAGE_STANDARD = gnu11;
				GCC_DYNAMIC_NO_PIC = NO;
				GCC_NO_COMMON_BLOCKS = YES;
				GCC_OPTIMIZATION_LEVEL = 0;
				GCC_PREPROCESSOR_DEFINITIONS = (
					"DEBUG=1",
					"$(inherited)",
				);
				GCC_WARN_64_TO_32_BIT_CONVERSION = YES;
				GCC_WARN_ABOUT_RETURN_TYPE = YES_ERROR;
				GCC_WARN_UNDECLARED_SELECTOR = YES;
				GCC_WARN_UNINITIALIZED_AUTOS = YES_AGGRESSIVE;
				GCC_WARN_UNUSED_FUNCTION = YES;
				GCC_WARN_UNUSED_VARIABLE = YES;
				IPHONEOS_DEPLOYMENT_TARGET = 16.0;
				MTL_ENABLE_DEBUG_INFO = INCLUDE_SOURCE;
				MTL_FAST_MATH = YES;
				ONLY_ACTIVE_ARCH = YES;
				SDKROOT = iphoneos;
				SWIFT_ACTIVE_COMPILATION_CONDITIONS = DEBUG;
				SWIFT_OPTIMIZATION_LEVEL = "-Onone";
			};
			name = Debug;
		};
		755E65FD2982DEFD0057B7A6 /* Release */ = {
			isa = XCBuildConfiguration;
			buildSettings = {
				ALWAYS_SEARCH_USER_PATHS = NO;
				CLANG_ANALYZER_NONNULL = YES;
				CLANG_ANALYZER_NUMBER_OBJECT_CONVERSION = YES_AGGRESSIVE;
				CLANG_CXX_LANGUAGE_STANDARD = "gnu++20";
				CLANG_ENABLE_MODULES = YES;
				CLANG_ENABLE_OBJC_ARC = YES;
				CLANG_ENABLE_OBJC_WEAK = YES;
				CLANG_WARN_BLOCK_CAPTURE_AUTORELEASING = YES;
				CLANG_WARN_BOOL_CONVERSION = YES;
				CLANG_WARN_COMMA = YES;
				CLANG_WARN_CONSTANT_CONVERSION = YES;
				CLANG_WARN_DEPRECATED_OBJC_IMPLEMENTATIONS = YES;
				CLANG_WARN_DIRECT_OBJC_ISA_USAGE = YES_ERROR;
				CLANG_WARN_DOCUMENTATION_COMMENTS = YES;
				CLANG_WARN_EMPTY_BODY = YES;
				CLANG_WARN_ENUM_CONVERSION = YES;
				CLANG_WARN_INFINITE_RECURSION = YES;
				CLANG_WARN_INT_CONVERSION = YES;
				CLANG_WARN_NON_LITERAL_NULL_CONVERSION = YES;
				CLANG_WARN_OBJC_IMPLICIT_RETAIN_SELF = YES;
				CLANG_WARN_OBJC_LITERAL_CONVERSION = YES;
				CLANG_WARN_OBJC_ROOT_CLASS = YES_ERROR;
				CLANG_WARN_QUOTED_INCLUDE_IN_FRAMEWORK_HEADER = YES;
				CLANG_WARN_RANGE_LOOP_ANALYSIS = YES;
				CLANG_WARN_STRICT_PROTOTYPES = YES;
				CLANG_WARN_SUSPICIOUS_MOVE = YES;
				CLANG_WARN_UNGUARDED_AVAILABILITY = YES_AGGRESSIVE;
				CLANG_WARN_UNREACHABLE_CODE = YES;
				CLANG_WARN__DUPLICATE_METHOD_MATCH = YES;
				COPY_PHASE_STRIP = NO;
				DEBUG_INFORMATION_FORMAT = "dwarf-with-dsym";
				ENABLE_NS_ASSERTIONS = NO;
				ENABLE_STRICT_OBJC_MSGSEND = YES;
				GCC_C_LANGUAGE_STANDARD = gnu11;
				GCC_NO_COMMON_BLOCKS = YES;
				GCC_WARN_64_TO_32_BIT_CONVERSION = YES;
				GCC_WARN_ABOUT_RETURN_TYPE = YES_ERROR;
				GCC_WARN_UNDECLARED_SELECTOR = YES;
				GCC_WARN_UNINITIALIZED_AUTOS = YES_AGGRESSIVE;
				GCC_WARN_UNUSED_FUNCTION = YES;
				GCC_WARN_UNUSED_VARIABLE = YES;
				IPHONEOS_DEPLOYMENT_TARGET = 16.0;
				MTL_ENABLE_DEBUG_INFO = NO;
				MTL_FAST_MATH = YES;
				SDKROOT = iphoneos;
				SWIFT_COMPILATION_MODE = wholemodule;
				SWIFT_OPTIMIZATION_LEVEL = "-O";
				VALIDATE_PRODUCT = YES;
			};
			name = Release;
		};
		755E65FF2982DEFD0057B7A6 /* Debug */ = {
			isa = XCBuildConfiguration;
			buildSettings = {
				ASSETCATALOG_COMPILER_APPICON_NAME = AppIcon;
				ASSETCATALOG_COMPILER_GLOBAL_ACCENT_COLOR_NAME = AccentColor;
				CODE_SIGN_STYLE = Automatic;
				CURRENT_PROJECT_VERSION = 1;
				DEVELOPMENT_TEAM = PDQUN9RTX3;
				GENERATE_INFOPLIST_FILE = YES;
				INFOPLIST_FILE = RickAndMorty/Info.plist;
				INFOPLIST_KEY_UIApplicationSupportsIndirectInputEvents = YES;
				INFOPLIST_KEY_UILaunchStoryboardName = LaunchScreen;
				INFOPLIST_KEY_UISupportedInterfaceOrientations_iPad = "UIInterfaceOrientationPortrait UIInterfaceOrientationPortraitUpsideDown UIInterfaceOrientationLandscapeLeft UIInterfaceOrientationLandscapeRight";
				INFOPLIST_KEY_UISupportedInterfaceOrientations_iPhone = "UIInterfaceOrientationPortrait UIInterfaceOrientationLandscapeLeft UIInterfaceOrientationLandscapeRight";
				LD_RUNPATH_SEARCH_PATHS = (
					"$(inherited)",
					"@executable_path/Frameworks",
				);
				MARKETING_VERSION = 1.0;
				PRODUCT_BUNDLE_IDENTIFIER = com.tatkaciran.RickAndMorty;
				PRODUCT_NAME = "$(TARGET_NAME)";
				SWIFT_EMIT_LOC_STRINGS = YES;
				SWIFT_VERSION = 5.0;
				TARGETED_DEVICE_FAMILY = "1,2";
			};
			name = Debug;
		};
		755E66002982DEFD0057B7A6 /* Release */ = {
			isa = XCBuildConfiguration;
			buildSettings = {
				ASSETCATALOG_COMPILER_APPICON_NAME = AppIcon;
				ASSETCATALOG_COMPILER_GLOBAL_ACCENT_COLOR_NAME = AccentColor;
				CODE_SIGN_STYLE = Automatic;
				CURRENT_PROJECT_VERSION = 1;
				DEVELOPMENT_TEAM = PDQUN9RTX3;
				GENERATE_INFOPLIST_FILE = YES;
				INFOPLIST_FILE = RickAndMorty/Info.plist;
				INFOPLIST_KEY_UIApplicationSupportsIndirectInputEvents = YES;
				INFOPLIST_KEY_UILaunchStoryboardName = LaunchScreen;
				INFOPLIST_KEY_UISupportedInterfaceOrientations_iPad = "UIInterfaceOrientationPortrait UIInterfaceOrientationPortraitUpsideDown UIInterfaceOrientationLandscapeLeft UIInterfaceOrientationLandscapeRight";
				INFOPLIST_KEY_UISupportedInterfaceOrientations_iPhone = "UIInterfaceOrientationPortrait UIInterfaceOrientationLandscapeLeft UIInterfaceOrientationLandscapeRight";
				LD_RUNPATH_SEARCH_PATHS = (
					"$(inherited)",
					"@executable_path/Frameworks",
				);
				MARKETING_VERSION = 1.0;
				PRODUCT_BUNDLE_IDENTIFIER = com.tatkaciran.RickAndMorty;
				PRODUCT_NAME = "$(TARGET_NAME)";
				SWIFT_EMIT_LOC_STRINGS = YES;
				SWIFT_VERSION = 5.0;
				TARGETED_DEVICE_FAMILY = "1,2";
			};
			name = Release;
		};
/* End XCBuildConfiguration section */

/* Begin XCConfigurationList section */
		755E65E52982DEF70057B7A6 /* Build configuration list for PBXProject "RickAndMorty" */ = {
			isa = XCConfigurationList;
			buildConfigurations = (
				755E65FC2982DEFD0057B7A6 /* Debug */,
				755E65FD2982DEFD0057B7A6 /* Release */,
			);
			defaultConfigurationIsVisible = 0;
			defaultConfigurationName = Release;
		};
		755E65FE2982DEFD0057B7A6 /* Build configuration list for PBXNativeTarget "RickAndMorty" */ = {
			isa = XCConfigurationList;
			buildConfigurations = (
				755E65FF2982DEFD0057B7A6 /* Debug */,
				755E66002982DEFD0057B7A6 /* Release */,
			);
			defaultConfigurationIsVisible = 0;
			defaultConfigurationName = Release;
		};
/* End XCConfigurationList section */
	};
	rootObject = 755E65E22982DEF70057B7A6 /* Project object */;
}
